
Microsoft Visual Studio Solution File, Format Version 12.00
# Visual Studio 2013
VisualStudioVersion = 12.0.40629.0
MinimumVisualStudioVersion = 10.0.40219.1
Project("{8BC9CEB8-8B4A-11D0-8D11-00A0C91BC942}") = "WindowsScreenCap", "app\WindowsScreenCap\WindowsScreenCap.vcxproj", "{AB082B7A-4927-4777-A1C8-5F2B5B198545}"
EndProject
Project("{2150E333-8FDC-42A3-9474-1A3956D46DE8}") = "app", "app", "{B556F157-F613-445C-9100-83DC742F8E5E}"
EndProject
Global
	GlobalSection(SolutionConfigurationPlatforms) = preSolution
		Debug|Win32 = Debug|Win32
		Release|Win32 = Release|Win32
	EndGlobalSection
	GlobalSection(ProjectConfigurationPlatforms) = postSolution
		{AB082B7A-4927-4777-A1C8-5F2B5B198545}.Debug|Win32.ActiveCfg = Debug|Win32
		{AB082B7A-4927-4777-A1C8-5F2B5B198545}.Debug|Win32.Build.0 = Debug|Win32
		{AB082B7A-4927-4777-A1C8-5F2B5B198545}.Release|Win32.ActiveCfg = Release|Win32
		{AB082B7A-4927-4777-A1C8-5F2B5B198545}.Release|Win32.Build.0 = Release|Win32
	EndGlobalSection
	GlobalSection(SolutionProperties) = preSolution
		HideSolutionNode = FALSE
	EndGlobalSection
	GlobalSection(NestedProjects) = preSolution
		{AB082B7A-4927-4777-A1C8-5F2B5B198545} = {B556F157-F613-445C-9100-83DC742F8E5E}
	EndGlobalSection
EndGlobal
